{
  "formal/Artifacts/Compression.lean": "580dffb987787b92b6a17848b5f4ce16f9788360becf40e5f9f12c727a43c406",
  "formal/Artifacts/CompressionData.lean": "578bc8d942276735f182916d5f6496363c4e5461c2f611916633ea95c0134c39",
  "formal/Artifacts/FullCompression.lean": "b8566cc5702be389e72e93892edcfec5345bd3f727df846cd5f244f1305be294",
  "formal/Artifacts/PathBits.lean": "9ef1ac221d6fbf70a8be928903fb7c4b0a67c2c4d1212c9f8e0453d95e6e28e7",
  "formal/Artifacts/PathBitsData.lean": "b2e46d5801d2249ff34f879be7cb4b379ac90603136ecc37e5f9bb9c27cf1741",
  "formal/Artifacts/R1CS.lean": "e4f18e6086141491087529f1c4867b335f4c96b7344f01e85fcd06098abdb2a4",
  "formal/Artifacts/RangeGate.lean": "682055728bc3f6ef2e8742787f8fc65722008d523b39dc3c4f25c30dfca0e25d",
  "formal/Artifacts/RangeLemmas.lean": "39e987ed6047315548d53d17b125354e2c37feb699dff4588954d52bc8a7144f",
  "formal/Artifacts/Spend.lean": "ddf972820487740066ec19285cb4153ec941c3fd2c06402ef194f3b5f80285bd",
  "formal/Artifacts/Witness.lean": "8be428f9928251024637600a67dcfc7e1a0ca60f05fa34bd1e46c4a987f71d79",
  "formal/Groth16/Cardinality.lean": "1f5c9afe30d3f2213db00ef72912f8f43e4d3c0b36746f98f90dc4bf34f1dcb5",
  "formal/Groth16/Cofactor.lean": "db84971d2a40833d80bdb9da91488658d6b53267b27374577514408a94748178",
  "formal/Groth16/Curve.lean": "fe369f9d0c4a5d7a24ff96d8a6a48ba5fd3d54f86bc7826436646e665d17a1ef",
  "formal/Groth16/Encoding.lean": "ef1062841344249e1bbd1f0fe195b6f994eea8829a2c2633471a60514bcb4fde",
  "formal/Groth16/Group.lean": "730b1343bfab192ba1d8a88fb57eb53c6d64d98d2acd0203fc3a677f5c15ae57",
  "formal/Groth16/KeyData.lean": "cdc2aab2d18659c7d8a3a6e1e20c8b771d5b550a4a66479a0072a056360d7045",
  "formal/Groth16/Quadratic.lean": "d0cd152c806edf91bc39374053676312814401cd8f3d768e989f4c83fd37eded",
  "formal/Groth16/Subgroup.lean": "92201846d29355d4c2cc0ee34639c95849b63e2e54cfb8ddf32cf06679e40168",
  "formal/Groth16/SubgroupAlpha.lean": "7af7185d19f8e77fc31be4ea0938db3c3cedd69e333842c80217cfb46d839659",
  "formal/Groth16/SubgroupBase.lean": "a5e7e7dc917df51cfbc06e179dc1d87db346cbd8ddf92d5b18e510cb6dd6423e",
  "formal/Groth16/SubgroupBeta.lean": "1d06cb8f529676e5af7875505058105027ddfaa1a616b2bcb5a729078541f082",
  "formal/Groth16/SubgroupDelta.lean": "65917b34b6f9be459d1d606599cfff0a681be96166a39b3080d1a29817bc61a6",
  "formal/Groth16/SubgroupGamma.lean": "cc99a2d3d19cadd48a695901ef6b9365bb9e4b32bdc075d9e07e425964684247",
  "formal/Groth16/SubgroupIc0.lean": "7b86c27a47c4978dd951c54c0ff5b1360909b2ce1f9a902d47475c4099de5fa7",
  "formal/Groth16/SubgroupIc1.lean": "da4198deb8b089d71d471f5df6aaf7ef26df2b7f6a15237147e5d57782cfe8a8",
  "formal/Groth16/SubgroupIc2.lean": "4e03da1afc9749cafe5f5b5577190b5006dddba3dd93c4e1f018d5a495d3349f",
  "formal/Groth16/SubgroupIc3.lean": "f37a3337b3edb8e46b04c0884e3cf4e4a591fa3d2cc0c524d45ab4c22117d388",
  "formal/Groth16/SubgroupKey.lean": "446c1235636d7f37b2ae46616e5ea4bba2903d05d21461a7b896dc39ec065dac",
  "formal/Groth16/Twist.lean": "786f67c72e4f81e1f8af8b59ba97d34dbcd01078977db6afdda213fd996dd99f",
  "formal/Groth16/TwistCardinality.lean": "bcb50eedf16abeeb02598e456ba462da4ee198b48bbd4f4e48edfa1aecbedd15",
  "formal/Groth16/Verifier.lean": "ee5d69270347b85e1a0b7bdc461a2743cfebffa3024c433abcb0264a0eda67e8",
  "formal/Keccak/Hash.lean": "a5703d1eb5e2ff1049c34f61f42e6d315dd78e06f493706ecd1628fc875c745c",
  "formal/Poseidon/Constants.lean": "a520856f658fccf7cafe6c736a0408da6394d5b9f9fafb619c01a3577d17e9a5",
  "formal/Poseidon/Hash.lean": "a4f648897d116b6643061def4319c936dcd8db034b92712607dbc3364aa6e1a6",
  "formal/Poseidon/Permutation.lean": "fd14ebb6f81e44a5e2f23f545f901604ab1b75e5fe56987027a934a63b7c849e",
  "formal/Primality/BN254.lean": "9d7336938a9e220de567847822fed2f5f477c06dae7bb52f0de80ec9762c209e",
  "formal/Primality/BN254Base.lean": "9b2978e32b4774217701f77dec0be865752dcc18e804ed82bad2db9b5accff4e",
  "formal/Primality/PrattCertificate.lean": "6fd6656f9b1e29ffd49a313dcfb8525127fcbc65872458747c9f5af84a95ef37",
  "formal/Proofs/AuditCommand.lean": "0586c5f3c0aa2bf2e24ead3db7df17a0d1ad6d365a3cdb50899b9b4414dc459c",
  "formal/Proofs/AxiomAudit.lean": "162d0b39b87082c5b4f9f4a93060b8fca1f2daa3fbdc45c51aa4739096ca9934",
  "formal/Proofs/CircuitGadgets.lean": "9a27851516ddca61da6f35c846e7eaf64b0df72a50d3d9f4c321857367051a66",
  "formal/SPEC.md": "050db615316ddc55334847ec41060b06c597c1ccac2805b7eb1b6fb555d1274b",
  "formal/Spec.lean": "17eb68c9778dc67e4238112341bb6a6a79c14e781df391761a75a2a5ddf4a58a",
  "formal/Spec/Basic.lean": "3fba49840fd2a60d241cbbb4e4a0381f22ab58d84508b35095b27fb073572b7e",
  "formal/Spec/Circuit.lean": "8591b6d075e0e5b3ab05d7aee38fb64cc0b8289e4645fc004d6da92e7964432f",
  "formal/Spec/Evm.lean": "2847c83a83f21bfe83442da15632650b8b3e8bb997d349e1e21f20907ac633e6",
  "formal/Spec/FrameTx.lean": "34ac13363452469bf438a4cf55aeb60cf0bd1edb6520aed34aac454c80710e2e",
  "formal/Spec/Hash.lean": "a3e66bc20a289d75094655f75c5ee248bdb3e6db0623a6e6a73393b4bd2bce04",
  "formal/Spec/Main.lean": "84b09adc8b0ee14bec2678d2c058fa4a6c8d15a22f0a9285f38836ee4d779e3b",
  "formal/Spec/Relation.lean": "ef8e29d80b313a39dc0d650591555c0b98e00f647206021dae35879b72ca7c60",
  "formal/Spec/System.lean": "cdfe399e6bc58b5032bd9f9ff3d0c125e063b1812b1975f8279f10de8f1dd3dc",
  "formal/Spec/Tree.lean": "d269fbc7d37aceb14538e59c3f6f980f2d6e55c53017fb32cd0b679ab8f24254"
}
